
Microsoft Visual Studio Solution File, Format Version 12.00
# Visual Studio Version 17
VisualStudioVersion = 17.11.35312.102
MinimumVisualStudioVersion = 10.0.40219.1
Project("{FAE04EC0-301F-11D3-BF4B-00C04F79EFBC}") = "MovieStallWebApp", "MovieStallWebApp\MovieStallWebApp.csproj", "{1761DB63-4F38-488E-91F2-A9A8D9E8BFC4}"
EndProject
Project("{FAE04EC0-301F-11D3-BF4B-00C04F79EFBC}") = "VeriErisimKatmani", "VeriErisimKatmani\VeriErisimKatmani.csproj", "{9FB88D6A-7709-4835-9868-70904A01A2DB}"
EndProject
Global
	GlobalSection(SolutionConfigurationPlatforms) = preSolution
		Debug|Any CPU = Debug|Any CPU
		Release|Any CPU = Release|Any CPU
	EndGlobalSection
	GlobalSection(ProjectConfigurationPlatforms) = postSolution
		{1761DB63-4F38-488E-91F2-A9A8D9E8BFC4}.Debug|Any CPU.ActiveCfg = Debug|Any CPU
		{1761DB63-4F38-488E-91F2-A9A8D9E8BFC4}.Debug|Any CPU.Build.0 = Debug|Any CPU
		{1761DB63-4F38-488E-91F2-A9A8D9E8BFC4}.Release|Any CPU.ActiveCfg = Release|Any CPU
		{1761DB63-4F38-488E-91F2-A9A8D9E8BFC4}.Release|Any CPU.Build.0 = Release|Any CPU
		{9FB88D6A-7709-4835-9868-70904A01A2DB}.Debug|Any CPU.ActiveCfg = Debug|Any CPU
		{9FB88D6A-7709-4835-9868-70904A01A2DB}.Debug|Any CPU.Build.0 = Debug|Any CPU
		{9FB88D6A-7709-4835-9868-70904A01A2DB}.Release|Any CPU.ActiveCfg = Release|Any CPU
		{9FB88D6A-7709-4835-9868-70904A01A2DB}.Release|Any CPU.Build.0 = Release|Any CPU
	EndGlobalSection
	GlobalSection(SolutionProperties) = preSolution
		HideSolutionNode = FALSE
	EndGlobalSection
	GlobalSection(ExtensibilityGlobals) = postSolution
		SolutionGuid = {81FFD208-A854-4759-929B-B2491E95657B}
	EndGlobalSection
EndGlobal
